
Microsoft Visual Studio Solution File, Format Version 12.00
# Visual Studio Version 17
VisualStudioVersion = 17.8.34511.84
MinimumVisualStudioVersion = 10.0.40219.1
Project("{9A19103F-16F7-4668-BE54-9A1E7A4F7556}") = "UniiaAdmin.WebApi", "UNIIAadminAPI\UniiaAdmin.WebApi.csproj", "{ABE85590-DE81-4B96-A74F-C071137F8492}"
EndProject
Project("{9A19103F-16F7-4668-BE54-9A1E7A4F7556}") = "UniiaAdmin.Data", "UniiaAdminAPI.Data\UniiaAdmin.Data.csproj", "{83A1BDEF-DDBC-4A1C-8C58-921DC364D42A}"
EndProject
Project("{9A19103F-16F7-4668-BE54-9A1E7A4F7556}") = "UniiaAdmin.Tests", "UniiaAdmin.Tests\UniiaAdmin.Tests.csproj", "{CC95E107-C542-4BFC-AA4B-2AD6C714FF6F}"
EndProject
Project("{FAE04EC0-301F-11D3-BF4B-00C04F79EFBC}") = "UniiaAdmin.Auth", "UniiaAdmin.Auth\UniiaAdmin.Auth.csproj", "{C831B7FE-C08C-472B-865B-5E48C00C27CF}"
EndProject
Global
	GlobalSection(SolutionConfigurationPlatforms) = preSolution
		Debug|Any CPU = Debug|Any CPU
		Release|Any CPU = Release|Any CPU
	EndGlobalSection
	GlobalSection(ProjectConfigurationPlatforms) = postSolution
		{ABE85590-DE81-4B96-A74F-C071137F8492}.Debug|Any CPU.ActiveCfg = Debug|Any CPU
		{ABE85590-DE81-4B96-A74F-C071137F8492}.Debug|Any CPU.Build.0 = Debug|Any CPU
		{ABE85590-DE81-4B96-A74F-C071137F8492}.Release|Any CPU.ActiveCfg = Release|Any CPU
		{ABE85590-DE81-4B96-A74F-C071137F8492}.Release|Any CPU.Build.0 = Release|Any CPU
		{83A1BDEF-DDBC-4A1C-8C58-921DC364D42A}.Debug|Any CPU.ActiveCfg = Debug|Any CPU
		{83A1BDEF-DDBC-4A1C-8C58-921DC364D42A}.Debug|Any CPU.Build.0 = Debug|Any CPU
		{83A1BDEF-DDBC-4A1C-8C58-921DC364D42A}.Release|Any CPU.ActiveCfg = Release|Any CPU
		{83A1BDEF-DDBC-4A1C-8C58-921DC364D42A}.Release|Any CPU.Build.0 = Release|Any CPU
		{CC95E107-C542-4BFC-AA4B-2AD6C714FF6F}.Debug|Any CPU.ActiveCfg = Debug|Any CPU
		{CC95E107-C542-4BFC-AA4B-2AD6C714FF6F}.Debug|Any CPU.Build.0 = Debug|Any CPU
		{CC95E107-C542-4BFC-AA4B-2AD6C714FF6F}.Release|Any CPU.ActiveCfg = Release|Any CPU
		{CC95E107-C542-4BFC-AA4B-2AD6C714FF6F}.Release|Any CPU.Build.0 = Release|Any CPU
		{C831B7FE-C08C-472B-865B-5E48C00C27CF}.Debug|Any CPU.ActiveCfg = Debug|Any CPU
		{C831B7FE-C08C-472B-865B-5E48C00C27CF}.Debug|Any CPU.Build.0 = Debug|Any CPU
		{C831B7FE-C08C-472B-865B-5E48C00C27CF}.Release|Any CPU.ActiveCfg = Release|Any CPU
		{C831B7FE-C08C-472B-865B-5E48C00C27CF}.Release|Any CPU.Build.0 = Release|Any CPU
	EndGlobalSection
	GlobalSection(SolutionProperties) = preSolution
		HideSolutionNode = FALSE
	EndGlobalSection
	GlobalSection(ExtensibilityGlobals) = postSolution
		SolutionGuid = {DC2CC775-B6EE-4E8B-95B3-4713B5BC5247}
	EndGlobalSection
EndGlobal
